Microsoft Visual Studio Solution File, Format Version 12.00
# Visual Studio Version 17
VisualStudioVersion = 17.5.2.0
MinimumVisualStudioVersion = 10.0.40219.1
Project("{FAE04EC0-301F-11D3-BF4B-00C04F79EFBC}") = "SeleniumNUnitFramework", "SeleniumNUnitFramework.csproj", "{3FD073CE-4638-90AA-FC9A-F0D69BB4E372}"
EndProject
Global
	GlobalSection(SolutionConfigurationPlatforms) = preSolution
		Debug|Any CPU = Debug|Any CPU
		Release|Any CPU = Release|Any CPU
	EndGlobalSection
	GlobalSection(ProjectConfigurationPlatforms) = postSolution
		{3FD073CE-4638-90AA-FC9A-F0D69BB4E372}.Debug|Any CPU.ActiveCfg = Debug|Any CPU
		{3FD073CE-4638-90AA-FC9A-F0D69BB4E372}.Debug|Any CPU.Build.0 = Debug|Any CPU
		{3FD073CE-4638-90AA-FC9A-F0D69BB4E372}.Release|Any CPU.ActiveCfg = Release|Any CPU
		{3FD073CE-4638-90AA-FC9A-F0D69BB4E372}.Release|Any CPU.Build.0 = Release|Any CPU
	EndGlobalSection
	GlobalSection(SolutionProperties) = preSolution
		HideSolutionNode = FALSE
	EndGlobalSection
	GlobalSection(ExtensibilityGlobals) = postSolution
		SolutionGuid = {49C8EE76-646C-493C-BD29-E552E3B52EA8}
	EndGlobalSection
EndGlobal
